
Microsoft Visual Studio Solution File, Format Version 12.00
# Visual Studio Version 17
VisualStudioVersion = 17.14.36623.8 d17.14
MinimumVisualStudioVersion = 10.0.40219.1
Project("{FAE04EC0-301F-11D3-BF4B-00C04F79EFBC}") = "Morozova_ISP-231_Lab14_HomeWork", "Morozova_ISP-231_Lab14_HomeWork.csproj", "{C7C74EBF-32BA-4834-AA4F-6A438D7BDA9B}"
EndProject
Global
	GlobalSection(SolutionConfigurationPlatforms) = preSolution
		Debug|Any CPU = Debug|Any CPU
		Release|Any CPU = Release|Any CPU
	EndGlobalSection
	GlobalSection(ProjectConfigurationPlatforms) = postSolution
		{C7C74EBF-32BA-4834-AA4F-6A438D7BDA9B}.Debug|Any CPU.ActiveCfg = Debug|Any CPU
		{C7C74EBF-32BA-4834-AA4F-6A438D7BDA9B}.Debug|Any CPU.Build.0 = Debug|Any CPU
		{C7C74EBF-32BA-4834-AA4F-6A438D7BDA9B}.Release|Any CPU.ActiveCfg = Release|Any CPU
		{C7C74EBF-32BA-4834-AA4F-6A438D7BDA9B}.Release|Any CPU.Build.0 = Release|Any CPU
	EndGlobalSection
	GlobalSection(SolutionProperties) = preSolution
		HideSolutionNode = FALSE
	EndGlobalSection
	GlobalSection(ExtensibilityGlobals) = postSolution
		SolutionGuid = {FE34EFBA-6341-4EF7-8CD5-C27AD13CC886}
	EndGlobalSection
EndGlobal
