
Microsoft Visual Studio Solution File, Format Version 12.00
# Visual Studio Version 17
VisualStudioVersion = 17.14.36623.8
MinimumVisualStudioVersion = 10.0.40219.1
Project("{FAE04EC0-301F-11D3-BF4B-00C04F79EFBC}") = "Morozova_ISP-231_Lab14_ClassWork", "Morozova_ISP-231_Lab14_ClassWork.csproj", "{C4A2246F-911E-43CC-A977-0B219AD3B479}"
EndProject
Project("{FAE04EC0-301F-11D3-BF4B-00C04F79EFBC}") = "InvoiceManagement", "..\InvoiceManagement\InvoiceManagement.csproj", "{BFC991BC-4DE1-4512-B490-37AC1FD1CEF6}"
EndProject
Global
	GlobalSection(SolutionConfigurationPlatforms) = preSolution
		Debug|Any CPU = Debug|Any CPU
		Release|Any CPU = Release|Any CPU
	EndGlobalSection
	GlobalSection(ProjectConfigurationPlatforms) = postSolution
		{C4A2246F-911E-43CC-A977-0B219AD3B479}.Debug|Any CPU.ActiveCfg = Debug|Any CPU
		{C4A2246F-911E-43CC-A977-0B219AD3B479}.Debug|Any CPU.Build.0 = Debug|Any CPU
		{C4A2246F-911E-43CC-A977-0B219AD3B479}.Release|Any CPU.ActiveCfg = Release|Any CPU
		{C4A2246F-911E-43CC-A977-0B219AD3B479}.Release|Any CPU.Build.0 = Release|Any CPU
		{BFC991BC-4DE1-4512-B490-37AC1FD1CEF6}.Debug|Any CPU.ActiveCfg = Debug|Any CPU
		{BFC991BC-4DE1-4512-B490-37AC1FD1CEF6}.Debug|Any CPU.Build.0 = Debug|Any CPU
		{BFC991BC-4DE1-4512-B490-37AC1FD1CEF6}.Release|Any CPU.ActiveCfg = Release|Any CPU
		{BFC991BC-4DE1-4512-B490-37AC1FD1CEF6}.Release|Any CPU.Build.0 = Release|Any CPU
	EndGlobalSection
	GlobalSection(SolutionProperties) = preSolution
		HideSolutionNode = FALSE
	EndGlobalSection
	GlobalSection(ExtensibilityGlobals) = postSolution
		SolutionGuid = {6006CEE1-E49E-4B01-875D-DC937F10AB19}
	EndGlobalSection
EndGlobal
